
Microsoft Visual Studio Solution File, Format Version 12.00
# Visual Studio Version 17
VisualStudioVersion = 17.6.33829.357
MinimumVisualStudioVersion = 10.0.40219.1
Project("{8BC9CEB8-8B4A-11D0-8D11-00A0C91BC942}") = "bai14_tinhgiaithua", "bai14_tinhgiaithua.vcxproj", "{C2887F4E-E9D3-45A8-9B0D-9624019D0463}"
EndProject
Global
	GlobalSection(SolutionConfigurationPlatforms) = preSolution
		Debug|x64 = Debug|x64
		Debug|x86 = Debug|x86
		Release|x64 = Release|x64
		Release|x86 = Release|x86
	EndGlobalSection
	GlobalSection(ProjectConfigurationPlatforms) = postSolution
		{C2887F4E-E9D3-45A8-9B0D-9624019D0463}.Debug|x64.ActiveCfg = Debug|x64
		{C2887F4E-E9D3-45A8-9B0D-9624019D0463}.Debug|x64.Build.0 = Debug|x64
		{C2887F4E-E9D3-45A8-9B0D-9624019D0463}.Debug|x86.ActiveCfg = Debug|Win32
		{C2887F4E-E9D3-45A8-9B0D-9624019D0463}.Debug|x86.Build.0 = Debug|Win32
		{C2887F4E-E9D3-45A8-9B0D-9624019D0463}.Release|x64.ActiveCfg = Release|x64
		{C2887F4E-E9D3-45A8-9B0D-9624019D0463}.Release|x64.Build.0 = Release|x64
		{C2887F4E-E9D3-45A8-9B0D-9624019D0463}.Release|x86.ActiveCfg = Release|Win32
		{C2887F4E-E9D3-45A8-9B0D-9624019D0463}.Release|x86.Build.0 = Release|Win32
	EndGlobalSection
	GlobalSection(SolutionProperties) = preSolution
		HideSolutionNode = FALSE
	EndGlobalSection
	GlobalSection(ExtensibilityGlobals) = postSolution
		SolutionGuid = {6ECA1C1B-C7C0-4CBD-8D4C-851BB39151F2}
	EndGlobalSection
EndGlobal
